// !$*UTF8*$!
{
	archiveVersion = 1;
	classes = {
	};
	objectVersion = 46;
	objects = {

/* Begin PBXBuildFile section */
		1BE0E1022C48539007A877A2 /* libPods.a in Frameworks */ = {isa = PBXBuildFile; fileRef = 8210D8E1936F4A4771C481C4 /* libPods.a */; };
		4C47F4201A6B6C6F00F89792 /* AVFoundation.framework in Frameworks */ = {isa = PBXBuildFile; fileRef = 4C47F41F1A6B6C6F00F89792 /* AVFoundation.framework */; };
		4C68DA251A6B634900D29F21 /* main.m in Sources */ = {isa = PBXBuildFile; fileRef = 4C68DA241A6B634900D29F21 /* main.m */; };
		4C68DA281A6B634900D29F21 /* AppDelegate.m in Sources */ = {isa = PBXBuildFile; fileRef = 4C68DA271A6B634900D29F21 /* AppDelegate.m */; };
		4C68DA2B1A6B634900D29F21 /* ViewController.m in Sources */ = {isa = PBXBuildFile; fileRef = 4C68DA2A1A6B634900D29F21 /* ViewController.m */; };
		4C68DA2E1A6B634900D29F21 /* Main.storyboard in Resources */ = {isa = PBXBuildFile; fileRef = 4C68DA2C1A6B634900D29F21 /* Main.storyboard */; };
		4C68DA301A6B634900D29F21 /* Images.xcassets in Resources */ = {isa = PBXBuildFile; fileRef = 4C68DA2F1A6B634900D29F21 /* Images.xcassets */; };
		4C68DA331A6B634900D29F21 /* LaunchScreen.xib in Resources */ = {isa = PBXBuildFile; fileRef = 4C68DA311A6B634900D29F21 /* LaunchScreen.xib */; };
		4C68DA3F1A6B634900D29F21 /* AEyeTests.m in Sources */ = {isa = PBXBuildFile; fileRef = 4C68DA3E1A6B634900D29F21 /* AEyeTests.m */; };
/* End PBXBuildFile section */

/* Begin PBXContainerItemProxy section */
		4C68DA391A6B634900D29F21 /* PBXContainerItemProxy */ = {
			isa = PBXContainerItemProxy;
			containerPortal = 4C68DA171A6B634900D29F21 /* Project object */;
			proxyType = 1;
			remoteGlobalIDString = 4C68DA1E1A6B634900D29F21;
			remoteInfo = AEye;
		};
/* End PBXContainerItemProxy section */

/* Begin PBXFileReference section */
		4C47F41F1A6B6C6F00F89792 /* AVFoundation.framework */ = {isa = PBXFileReference; lastKnownFileType = wrapper.framework; name = AVFoundation.framework; path = System/Library/Frameworks/AVFoundation.framework; sourceTree = SDKROOT; };
		4C68DA1F1A6B634900D29F21 /* AEye.app */ = {isa = PBXFileReference; explicitFileType = wrapper.application; includeInIndex = 0; path = AEye.app; sourceTree = BUILT_PRODUCTS_DIR; };
		4C68DA231A6B634900D29F21 /* Info.plist */ = {isa = PBXFileReference; lastKnownFileType = text.plist.xml; path = Info.plist; sourceTree = "<group>"; };
		4C68DA241A6B634900D29F21 /* main.m */ = {isa = PBXFileReference; lastKnownFileType = sourcecode.c.objc; path = main.m; sourceTree = "<group>"; };
		4C68DA261A6B634900D29F21 /* AppDelegate.h */ = {isa = PBXFileReference; lastKnownFileType = sourcecode.c.h; path = AppDelegate.h; sourceTree = "<group>"; };
		4C68DA271A6B634900D29F21 /* AppDelegate.m */ = {isa = PBXFileReference; lastKnownFileType = sourcecode.c.objc; path = AppDelegate.m; sourceTree = "<group>"; };
		4C68DA291A6B634900D29F21 /* ViewController.h */ = {isa = PBXFileReference; lastKnownFileType = sourcecode.c.h; path = ViewController.h; sourceTree = "<group>"; };
		4C68DA2A1A6B634900D29F21 /* ViewController.m */ = {isa = PBXFileReference; lastKnownFileType = sourcecode.c.objc; path = ViewController.m; sourceTree = "<group>"; };
		4C68DA2D1A6B634900D29F21 /* Base */ = {isa = PBXFileReference; lastKnownFileType = file.storyboard; name = Base; path = Base.lproj/Main.storyboard; sourceTree = "<group>"; };
		4C68DA2F1A6B634900D29F21 /* Images.xcassets */ = {isa = PBXFileReference; lastKnownFileType = folder.assetcatalog; path = Images.xcassets; sourceTree = "<group>"; };
		4C68DA321A6B634900D29F21 /* Base */ = {isa = PBXFileReference; lastKnownFileType = file.xib; name = Base; path = Base.lproj/LaunchScreen.xib; sourceTree = "<group>"; };
		4C68DA381A6B634900D29F21 /* AEyeTests.xctest */ = {isa = PBXFileReference; explicitFileType = wrapper.cfbundle; includeInIndex = 0; path = AEyeTests.xctest; sourceTree = BUILT_PRODUCTS_DIR; };
		4C68DA3D1A6B634900D29F21 /* Info.plist */ = {isa = PBXFileReference; lastKnownFileType = text.plist.xml; path = Info.plist; sourceTree = "<group>"; };
		4C68DA3E1A6B634900D29F21 /* AEyeTests.m */ = {isa = PBXFileReference; lastKnownFileType = sourcecode.c.objc; path = AEyeTests.m; sourceTree = "<group>"; };
		8210D8E1936F4A4771C481C4 /* libPods.a */ = {isa = PBXFileReference; explicitFileType = archive.ar; includeInIndex = 0; path = libPods.a; sourceTree = BUILT_PRODUCTS_DIR; };
		85264A170ED7951F49577B6D /* Pods.debug.xcconfig */ = {isa = PBXFileReference; includeInIndex = 1; lastKnownFileType = text.xcconfig; name = Pods.debug.xcconfig; path = "Pods/Target Support Files/Pods/Pods.debug.xcconfig"; sourceTree = "<group>"; };
		FB6FFF0F5C6623FA53715245 /* Pods.release.xcconfig */ = {isa = PBXFileReference; includeInIndex = 1; lastKnownFileType = text.xcconfig; name = Pods.release.xcconfig; path = "Pods/Target Support Files/Pods/Pods.release.xcconfig"; sourceTree = "<group>"; };
/* End PBXFileReference section */

/* Begin PBXFrameworksBuildPhase section */
		4C68DA1C1A6B634900D29F21 /* Frameworks */ = {
			isa = PBXFrameworksBuildPhase;
			buildActionMask = 2147483647;
			files = (
				4C47F4201A6B6C6F00F89792 /* AVFoundation.framework in Frameworks */,
				1BE0E1022C48539007A877A2 /* libPods.a in Frameworks */,
			);
			runOnlyForDeploymentPostprocessing = 0;
		};
		4C68DA351A6B634900D29F21 /* Frameworks */ = {
			isa = PBXFrameworksBuildPhase;
			buildActionMask = 2147483647;
			files = (
			);
			runOnlyForDeploymentPostprocessing = 0;
		};
/* End PBXFrameworksBuildPhase section */

/* Begin PBXGroup section */
		41D2D1A292EF65DD6AF02318 /* Pods */ = {
			isa = PBXGroup;
			children = (
				85264A170ED7951F49577B6D /* Pods.debug.xcconfig */,
				FB6FFF0F5C6623FA53715245 /* Pods.release.xcconfig */,
			);
			name = Pods;
			sourceTree = "<group>";
		};
		4C68DA161A6B634900D29F21 = {
			isa = PBXGroup;
			children = (
				4C68DA211A6B634900D29F21 /* AEye */,
				4C68DA3B1A6B634900D29F21 /* AEyeTests */,
				4C68DA201A6B634900D29F21 /* Products */,
				41D2D1A292EF65DD6AF02318 /* Pods */,
				C20B5E194C3013B11FF141D4 /* Frameworks */,
			);
			sourceTree = "<group>";
		};
		4C68DA201A6B634900D29F21 /* Products */ = {
			isa = PBXGroup;
			children = (
				4C68DA1F1A6B634900D29F21 /* AEye.app */,
				4C68DA381A6B634900D29F21 /* AEyeTests.xctest */,
			);
			name = Products;
			sourceTree = "<group>";
		};
		4C68DA211A6B634900D29F21 /* AEye */ = {
			isa = PBXGroup;
			children = (
				4C68DA261A6B634900D29F21 /* AppDelegate.h */,
				4C68DA271A6B634900D29F21 /* AppDelegate.m */,
				4C68DA291A6B634900D29F21 /* ViewController.h */,
				4C68DA2A1A6B634900D29F21 /* ViewController.m */,
				4C68DA2C1A6B634900D29F21 /* Main.storyboard */,
				4C68DA2F1A6B634900D29F21 /* Images.xcassets */,
				4C68DA311A6B634900D29F21 /* LaunchScreen.xib */,
				4C68DA221A6B634900D29F21 /* Supporting Files */,
			);
			path = AEye;
			sourceTree = "<group>";
		};
		4C68DA221A6B634900D29F21 /* Supporting Files */ = {
			isa = PBXGroup;
			children = (
				4C68DA231A6B634900D29F21 /* Info.plist */,
				4C68DA241A6B634900D29F21 /* main.m */,
			);
			name = "Supporting Files";
			sourceTree = "<group>";
		};
		4C68DA3B1A6B634900D29F21 /* AEyeTests */ = {
			isa = PBXGroup;
			children = (
				4C68DA3E1A6B634900D29F21 /* AEyeTests.m */,
				4C68DA3C1A6B634900D29F21 /* Supporting Files */,
			);
			path = AEyeTests;
			sourceTree = "<group>";
		};
		4C68DA3C1A6B634900D29F21 /* Supporting Files */ = {
			isa = PBXGroup;
			children = (
				4C68DA3D1A6B634900D29F21 /* Info.plist */,
			);
			name = "Supporting Files";
			sourceTree = "<group>";
		};
		C20B5E194C3013B11FF141D4 /* Frameworks */ = {
			isa = PBXGroup;
			children = (
				4C47F41F1A6B6C6F00F89792 /* AVFoundation.framework */,
				8210D8E1936F4A4771C481C4 /* libPods.a */,
			);
			name = Frameworks;
			sourceTree = "<group>";
		};
/* End PBXGroup section */

/* Begin PBXNativeTarget section */
		4C68DA1E1A6B634900D29F21 /* AEye */ = {
			isa = PBXNativeTarget;
			buildConfigurationList = 4C68DA421A6B634900D29F21 /* Build configuration list for PBXNativeTarget "AEye" */;
			buildPhases = (
				421FBC8A4ABDD7F15C71C9EB /* Check Pods Manifest.lock */,
				4C68DA1B1A6B634900D29F21 /* Sources */,
				4C68DA1C1A6B634900D29F21 /* Frameworks */,
				4C68DA1D1A6B634900D29F21 /* Resources */,
				6F1AC823D551284905224AC5 /* Copy Pods Resources */,
			);
			buildRules = (
			);
			dependencies = (
			);
			name = AEye;
			productName = AEye;
			productReference = 4C68DA1F1A6B634900D29F21 /* AEye.app */;
			productType = "com.apple.product-type.application";
		};
		4C68DA371A6B634900D29F21 /* AEyeTests */ = {
			isa = PBXNativeTarget;
			buildConfigurationList = 4C68DA451A6B634900D29F21 /* Build configuration list for PBXNativeTarget "AEyeTests" */;
			buildPhases = (
				4C68DA341A6B634900D29F21 /* Sources */,
				4C68DA351A6B634900D29F21 /* Frameworks */,
				4C68DA361A6B634900D29F21 /* Resources */,
			);
			buildRules = (
			);
			dependencies = (
				4C68DA3A1A6B634900D29F21 /* PBXTargetDependency */,
			);
			name = AEyeTests;
			productName = AEyeTests;
			productReference = 4C68DA381A6B634900D29F21 /* AEyeTests.xctest */;
			productType = "com.apple.product-type.bundle.unit-test";
		};
/* End PBXNativeTarget section */

/* Begin PBXProject section */
		4C68DA171A6B634900D29F21 /* Project object */ = {
			isa = PBXProject;
			attributes = {
				LastUpgradeCheck = 0610;
				ORGANIZATIONNAME = "Ishaan Gulrajani";
				TargetAttributes = {
					4C68DA1E1A6B634900D29F21 = {
						CreatedOnToolsVersion = 6.1.1;
						DevelopmentTeam = MHXZ8SX7WD;
					};
					4C68DA371A6B634900D29F21 = {
						CreatedOnToolsVersion = 6.1.1;
						TestTargetID = 4C68DA1E1A6B634900D29F21;
					};
				};
			};
			buildConfigurationList = 4C68DA1A1A6B634900D29F21 /* Build configuration list for PBXProject "AEye" */;
			compatibilityVersion = "Xcode 3.2";
			developmentRegion = English;
			hasScannedForEncodings = 0;
			knownRegions = (
				en,
				Base,
			);
			mainGroup = 4C68DA161A6B634900D29F21;
			productRefGroup = 4C68DA201A6B634900D29F21 /* Products */;
			projectDirPath = "";
			projectRoot = "";
			targets = (
				4C68DA1E1A6B634900D29F21 /* AEye */,
				4C68DA371A6B634900D29F21 /* AEyeTests */,
			);
		};
/* End PBXProject section */

/* Begin PBXResourcesBuildPhase section */
		4C68DA1D1A6B634900D29F21 /* Resources */ = {
			isa = PBXResourcesBuildPhase;
			buildActionMask = 2147483647;
			files = (
				4C68DA2E1A6B634900D29F21 /* Main.storyboard in Resources */,
				4C68DA331A6B634900D29F21 /* LaunchScreen.xib in Resources */,
				4C68DA301A6B634900D29F21 /* Images.xcassets in Resources */,
			);
			runOnlyForDeploymentPostprocessing = 0;
		};
		4C68DA361A6B634900D29F21 /* Resources */ = {
			isa = PBXResourcesBuildPhase;
			buildActionMask = 2147483647;
			files = (
			);
			runOnlyForDeploymentPostprocessing = 0;
		};
/* End PBXResourcesBuildPhase section */

/* Begin PBXShellScriptBuildPhase section */
		421FBC8A4ABDD7F15C71C9EB /* Check Pods Manifest.lock */ = {
			isa = PBXShellScriptBuildPhase;
			buildActionMask = 2147483647;
			files = (
			);
			inputPaths = (
			);
			name = "Check Pods Manifest.lock";
			outputPaths = (
			);
			runOnlyForDeploymentPostprocessing = 0;
			shellPath = /bin/sh;
			shellScript = "diff \"${PODS_ROOT}/../Podfile.lock\" \"${PODS_ROOT}/Manifest.lock\" > /dev/null\nif [[ $? != 0 ]] ; then\n    cat << EOM\nerror: The sandbox is not in sync with the Podfile.lock. Run 'pod install' or update your CocoaPods installation.\nEOM\n    exit 1\nfi\n";
			showEnvVarsInLog = 0;
		};
		6F1AC823D551284905224AC5 /* Copy Pods Resources */ = {
			isa = PBXShellScriptBuildPhase;
			buildActionMask = 2147483647;
			files = (
			);
			inputPaths = (
			);
			name = "Copy Pods Resources";
			outputPaths = (
			);
			runOnlyForDeploymentPostprocessing = 0;
			shellPath = /bin/sh;
			shellScript = "\"${SRCROOT}/Pods/Target Support Files/Pods/Pods-resources.sh\"\n";
			showEnvVarsInLog = 0;
		};
/* End PBXShellScriptBuildPhase section */

/* Begin PBXSourcesBuildPhase section */
		4C68DA1B1A6B634900D29F21 /* Sources */ = {
			isa = PBXSourcesBuildPhase;
			buildActionMask = 2147483647;
			files = (
				4C68DA2B1A6B634900D29F21 /* ViewController.m in Sources */,
				4C68DA281A6B634900D29F21 /* AppDelegate.m in Sources */,
				4C68DA251A6B634900D29F21 /* main.m in Sources */,
			);
			runOnlyForDeploymentPostprocessing = 0;
		};
		4C68DA341A6B634900D29F21 /* Sources */ = {
			isa = PBXSourcesBuildPhase;
			buildActionMask = 2147483647;
			files = (
				4C68DA3F1A6B634900D29F21 /* AEyeTests.m in Sources */,
			);
			runOnlyForDeploymentPostprocessing = 0;
		};
/* End PBXSourcesBuildPhase section */

/* Begin PBXTargetDependency section */
		4C68DA3A1A6B634900D29F21 /* PBXTargetDependency */ = {
			isa = PBXTargetDependency;
			target = 4C68DA1E1A6B634900D29F21 /* AEye */;
			targetProxy = 4C68DA391A6B634900D29F21 /* PBXContainerItemProxy */;
		};
/* End PBXTargetDependency section */

/* Begin PBXVariantGroup section */
		4C68DA2C1A6B634900D29F21 /* Main.storyboard */ = {
			isa = PBXVariantGroup;
			children = (
				4C68DA2D1A6B634900D29F21 /* Base */,
			);
			name = Main.storyboard;
			sourceTree = "<group>";
		};
		4C68DA311A6B634900D29F21 /* LaunchScreen.xib */ = {
			isa = PBXVariantGroup;
			children = (
				4C68DA321A6B634900D29F21 /* Base */,
			);
			name = LaunchScreen.xib;
			sourceTree = "<group>";
		};
/* End PBXVariantGroup section */

/* Begin XCBuildConfiguration section */
		4C68DA401A6B634900D29F21 /* Debug */ = {
			isa = XCBuildConfiguration;
			buildSettings = {
				ALWAYS_SEARCH_USER_PATHS = NO;
				CLANG_CXX_LANGUAGE_STANDARD = "gnu++0x";
				CLANG_CXX_LIBRARY = "libc++";
				CLANG_ENABLE_MODULES = YES;
				CLANG_ENABLE_OBJC_ARC = YES;
				CLANG_WARN_BOOL_CONVERSION = YES;
				CLANG_WARN_CONSTANT_CONVERSION = YES;
				CLANG_WARN_DIRECT_OBJC_ISA_USAGE = YES_ERROR;
				CLANG_WARN_EMPTY_BODY = YES;
				CLANG_WARN_ENUM_CONVERSION = YES;
				CLANG_WARN_INT_CONVERSION = YES;
				CLANG_WARN_OBJC_ROOT_CLASS = YES_ERROR;
				CLANG_WARN_UNREACHABLE_CODE = YES;
				CLANG_WARN__DUPLICATE_METHOD_MATCH = YES;
				"CODE_SIGN_IDENTITY[sdk=iphoneos*]" = "iPhone Developer";
				COPY_PHASE_STRIP = NO;
				ENABLE_STRICT_OBJC_MSGSEND = YES;
				GCC_C_LANGUAGE_STANDARD = gnu99;
				GCC_DYNAMIC_NO_PIC = NO;
				GCC_OPTIMIZATION_LEVEL = 0;
				GCC_PREPROCESSOR_DEFINITIONS = (
					"DEBUG=1",
					"$(inherited)",
				);
				GCC_SYMBOLS_PRIVATE_EXTERN = NO;
				GCC_WARN_64_TO_32_BIT_CONVERSION = YES;
				GCC_WARN_ABOUT_RETURN_TYPE = YES_ERROR;
				GCC_WARN_UNDECLARED_SELECTOR = YES;
				GCC_WARN_UNINITIALIZED_AUTOS = YES_AGGRESSIVE;
				GCC_WARN_UNUSED_FUNCTION = YES;
				GCC_WARN_UNUSED_VARIABLE = YES;
				IPHONEOS_DEPLOYMENT_TARGET = 8.1;
				MTL_ENABLE_DEBUG_INFO = YES;
				ONLY_ACTIVE_ARCH = YES;
				SDKROOT = iphoneos;
			};
			name = Debug;
		};
		4C68DA411A6B634900D29F21 /* Release */ = {
			isa = XCBuildConfiguration;
			buildSettings = {
				ALWAYS_SEARCH_USER_PATHS = NO;
				CLANG_CXX_LANGUAGE_STANDARD = "gnu++0x";
				CLANG_CXX_LIBRARY = "libc++";
				CLANG_ENABLE_MODULES = YES;
				CLANG_ENABLE_OBJC_ARC = YES;
				CLANG_WARN_BOOL_CONVERSION = YES;
				CLANG_WARN_CONSTANT_CONVERSION = YES;
				CLANG_WARN_DIRECT_OBJC_ISA_USAGE = YES_ERROR;
				CLANG_WARN_EMPTY_BODY = YES;
				CLANG_WARN_ENUM_CONVERSION = YES;
				CLANG_WARN_INT_CONVERSION = YES;
				CLANG_WARN_OBJC_ROOT_CLASS = YES_ERROR;
				CLANG_WARN_UNREACHABLE_CODE = YES;
				CLANG_WARN__DUPLICATE_METHOD_MATCH = YES;
				"CODE_SIGN_IDENTITY[sdk=iphoneos*]" = "iPhone Developer";
				COPY_PHASE_STRIP = YES;
				ENABLE_NS_ASSERTIONS = NO;
				ENABLE_STRICT_OBJC_MSGSEND = YES;
				GCC_C_LANGUAGE_STANDARD = gnu99;
				GCC_WARN_64_TO_32_BIT_CONVERSION = YES;
				GCC_WARN_ABOUT_RETURN_TYPE = YES_ERROR;
				GCC_WARN_UNDECLARED_SELECTOR = YES;
				GCC_WARN_UNINITIALIZED_AUTOS = YES_AGGRESSIVE;
				GCC_WARN_UNUSED_FUNCTION = YES;
				GCC_WARN_UNUSED_VARIABLE = YES;
				IPHONEOS_DEPLOYMENT_TARGET = 8.1;
				MTL_ENABLE_DEBUG_INFO = NO;
				SDKROOT = iphoneos;
				VALIDATE_PRODUCT = YES;
			};
			name = Release;
		};
		4C68DA431A6B634900D29F21 /* Debug */ = {
			isa = XCBuildConfiguration;
			baseConfigurationReference = 85264A170ED7951F49577B6D /* Pods.debug.xcconfig */;
			buildSettings = {
				ASSETCATALOG_COMPILER_APPICON_NAME = AppIcon;
				INFOPLIST_FILE = AEye/Info.plist;
				LD_RUNPATH_SEARCH_PATHS = "$(inherited) @executable_path/Frameworks";
				PRODUCT_NAME = "$(TARGET_NAME)";
			};
			name = Debug;
		};
		4C68DA441A6B634900D29F21 /* Release */ = {
			isa = XCBuildConfiguration;
			baseConfigurationReference = FB6FFF0F5C6623FA53715245 /* Pods.release.xcconfig */;
			buildSettings = {
				ASSETCATALOG_COMPILER_APPICON_NAME = AppIcon;
				INFOPLIST_FILE = AEye/Info.plist;
				LD_RUNPATH_SEARCH_PATHS = "$(inherited) @executable_path/Frameworks";
				PRODUCT_NAME = "$(TARGET_NAME)";
			};
			name = Release;
		};
		4C68DA461A6B634900D29F21 /* Debug */ = {
			isa = XCBuildConfiguration;
			buildSettings = {
				BUNDLE_LOADER = "$(TEST_HOST)";
				FRAMEWORK_SEARCH_PATHS = (
					"$(SDKROOT)/Developer/Library/Frameworks",
					"$(inherited)",
				);
				GCC_PREPROCESSOR_DEFINITIONS = (
					"DEBUG=1",
					"$(inherited)",
				);
				INFOPLIST_FILE = AEyeTests/Info.plist;
				LD_RUNPATH_SEARCH_PATHS = "$(inherited) @executable_path/Frameworks @loader_path/Frameworks";
				PRODUCT_NAME = "$(TARGET_NAME)";
				TEST_HOST = "$(BUILT_PRODUCTS_DIR)/AEye.app/AEye";
			};
			name = Debug;
		};
		4C68DA471A6B634900D29F21 /* Release */ = {
			isa = XCBuildConfiguration;
			buildSettings = {
				BUNDLE_LOADER = "$(TEST_HOST)";
				FRAMEWORK_SEARCH_PATHS = (
					"$(SDKROOT)/Developer/Library/Frameworks",
					"$(inherited)",
				);
				INFOPLIST_FILE = AEyeTests/Info.plist;
				LD_RUNPATH_SEARCH_PATHS = "$(inherited) @executable_path/Frameworks @loader_path/Frameworks";
				PRODUCT_NAME = "$(TARGET_NAME)";
				TEST_HOST = "$(BUILT_PRODUCTS_DIR)/AEye.app/AEye";
			};
			name = Release;
		};
/* End XCBuildConfiguration section */

/* Begin XCConfigurationList section */
		4C68DA1A1A6B634900D29F21 /* Build configuration list for PBXProject "AEye" */ = {
			isa = XCConfigurationList;
			buildConfigurations = (
				4C68DA401A6B634900D29F21 /* Debug */,
				4C68DA411A6B634900D29F21 /* Release */,
			);
			defaultConfigurationIsVisible = 0;
			defaultConfigurationName = Release;
		};
		4C68DA421A6B634900D29F21 /* Build configuration list for PBXNativeTarget "AEye" */ = {
			isa = XCConfigurationList;
			buildConfigurations = (
				4C68DA431A6B634900D29F21 /* Debug */,
				4C68DA441A6B634900D29F21 /* Release */,
			);
			defaultConfigurationIsVisible = 0;
			defaultConfigurationName = Release;
		};
		4C68DA451A6B634900D29F21 /* Build configuration list for PBXNativeTarget "AEyeTests" */ = {
			isa = XCConfigurationList;
			buildConfigurations = (
				4C68DA461A6B634900D29F21 /* Debug */,
				4C68DA471A6B634900D29F21 /* Release */,
			);
			defaultConfigurationIsVisible = 0;
			defaultConfigurationName = Release;
		};
/* End XCConfigurationList section */
	};
	rootObject = 4C68DA171A6B634900D29F21 /* Project object */;
}
